// !$*UTF8*$!
{
	archiveVersion = 1;
	classes = {
	};
	objectVersion = 46;
	objects = {

/* Begin PBXBuildFile section */
		060770851DEB805700E494BB /* AppDelegate.swift in Sources */ = {isa = PBXBuildFile; fileRef = 060770841DEB805700E494BB /* AppDelegate.swift */; };
		060770871DEB805700E494BB /* ViewController.swift in Sources */ = {isa = PBXBuildFile; fileRef = 060770861DEB805700E494BB /* ViewController.swift */; };
		0607708A1DEB805700E494BB /* Main.storyboard in Resources */ = {isa = PBXBuildFile; fileRef = 060770881DEB805700E494BB /* Main.storyboard */; };
		0607708C1DEB805700E494BB /* Assets.xcassets in Resources */ = {isa = PBXBuildFile; fileRef = 0607708B1DEB805700E494BB /* Assets.xcassets */; };
		0607708F1DEB805700E494BB /* LaunchScreen.storyboard in Resources */ = {isa = PBXBuildFile; fileRef = 0607708D1DEB805700E494BB /* LaunchScreen.storyboard */; };
/* End PBXBuildFile section */

/* Begin PBXFileReference section */
		060770811DEB805700E494BB /* ShoppingNotebook.app */ = {isa = PBXFileReference; explicitFileType = wrapper.application; includeInIndex = 0; path = ShoppingNotebook.app; sourceTree = BUILT_PRODUCTS_DIR; };
		060770841DEB805700E494BB /* AppDelegate.swift */ = {isa = PBXFileReference; lastKnownFileType = sourcecode.swift; path = AppDelegate.swift; sourceTree = "<group>"; };
		060770861DEB805700E494BB /* ViewController.swift */ = {isa = PBXFileReference; lastKnownFileType = sourcecode.swift; path = ViewController.swift; sourceTree = "<group>"; };
		060770891DEB805700E494BB /* Base */ = {isa = PBXFileReference; lastKnownFileType = file.storyboard; name = Base; path = Base.lproj/Main.storyboard; sourceTree = "<group>"; };
		0607708B1DEB805700E494BB /* Assets.xcassets */ = {isa = PBXFileReference; lastKnownFileType = folder.assetcatalog; path = Assets.xcassets; sourceTree = "<group>"; };
		0607708E1DEB805700E494BB /* Base */ = {isa = PBXFileReference; lastKnownFileType = file.storyboard; name = Base; path = Base.lproj/LaunchScreen.storyboard; sourceTree = "<group>"; };
		060770901DEB805700E494BB /* Info.plist */ = {isa = PBXFileReference; lastKnownFileType = text.plist.xml; path = Info.plist; sourceTree = "<group>"; };
/* End PBXFileReference section */

/* Begin PBXFrameworksBuildPhase section */
		0607707E1DEB805600E494BB /* Frameworks */ = {
			isa = PBXFrameworksBuildPhase;
			buildActionMask = 2147483647;
			files = (
			);
			runOnlyForDeploymentPostprocessing = 0;
		};
/* End PBXFrameworksBuildPhase section */

/* Begin PBXGroup section */
		060770781DEB805600E494BB = {
			isa = PBXGroup;
			children = (
				060770831DEB805700E494BB /* ShoppingNotebook */,
				060770821DEB805700E494BB /* Products */,
			);
			sourceTree = "<group>";
		};
		060770821DEB805700E494BB /* Products */ = {
			isa = PBXGroup;
			children = (
				060770811DEB805700E494BB /* ShoppingNotebook.app */,
			);
			name = Products;
			sourceTree = "<group>";
		};
		060770831DEB805700E494BB /* ShoppingNotebook */ = {
			isa = PBXGroup;
			children = (
				060770841DEB805700E494BB /* AppDelegate.swift */,
				060770861DEB805700E494BB /* ViewController.swift */,
				060770881DEB805700E494BB /* Main.storyboard */,
				0607708B1DEB805700E494BB /* Assets.xcassets */,
				0607708D1DEB805700E494BB /* LaunchScreen.storyboard */,
				060770901DEB805700E494BB /* Info.plist */,
			);
			path = ShoppingNotebook;
			sourceTree = "<group>";
		};
/* End PBXGroup section */

/* Begin PBXNativeTarget section */
		060770801DEB805600E494BB /* ShoppingNotebook */ = {
			isa = PBXNativeTarget;
			buildConfigurationList = 060770931DEB805700E494BB /* Build configuration list for PBXNativeTarget "ShoppingNotebook" */;
			buildPhases = (
				0607707D1DEB805600E494BB /* Sources */,
				0607707E1DEB805600E494BB /* Frameworks */,
				0607707F1DEB805600E494BB /* Resources */,
			);
			buildRules = (
			);
			dependencies = (
			);
			name = ShoppingNotebook;
			productName = ShoppingNotebook;
			productReference = 060770811DEB805700E494BB /* ShoppingNotebook.app */;
			productType = "com.apple.product-type.application";
		};
/* End PBXNativeTarget section */

/* Begin PBXProject section */
		060770791DEB805600E494BB /* Project object */ = {
			isa = PBXProject;
			attributes = {
				LastSwiftUpdateCheck = 0810;
				LastUpgradeCheck = 0810;
				ORGANIZATIONNAME = "carina  dos santos pereira";
				TargetAttributes = {
					060770801DEB805600E494BB = {
						CreatedOnToolsVersion = 8.1;
						ProvisioningStyle = Automatic;
					};
				};
			};
			buildConfigurationList = 0607707C1DEB805600E494BB /* Build configuration list for PBXProject "ShoppingNotebook" */;
			compatibilityVersion = "Xcode 3.2";
			developmentRegion = English;
			hasScannedForEncodings = 0;
			knownRegions = (
				en,
				Base,
			);
			mainGroup = 060770781DEB805600E494BB;
			productRefGroup = 060770821DEB805700E494BB /* Products */;
			projectDirPath = "";
			projectRoot = "";
			targets = (
				060770801DEB805600E494BB /* ShoppingNotebook */,
			);
		};
/* End PBXProject section */

/* Begin PBXResourcesBuildPhase section */
		0607707F1DEB805600E494BB /* Resources */ = {
			isa = PBXResourcesBuildPhase;
			buildActionMask = 2147483647;
			files = (
				0607708F1DEB805700E494BB /* LaunchScreen.storyboard in Resources */,
				0607708C1DEB805700E494BB /* Assets.xcassets in Resources */,
				0607708A1DEB805700E494BB /* Main.storyboard in Resources */,
			);
			runOnlyForDeploymentPostprocessing = 0;
		};
/* End PBXResourcesBuildPhase section */

/* Begin PBXSourcesBuildPhase section */
		0607707D1DEB805600E494BB /* Sources */ = {
			isa = PBXSourcesBuildPhase;
			buildActionMask = 2147483647;
			files = (
				060770871DEB805700E494BB /* ViewController.swift in Sources */,
				060770851DEB805700E494BB /* AppDelegate.swift in Sources */,
			);
			runOnlyForDeploymentPostprocessing = 0;
		};
/* End PBXSourcesBuildPhase section */

/* Begin PBXVariantGroup section */
		060770881DEB805700E494BB /* Main.storyboard */ = {
			isa = PBXVariantGroup;
			children = (
				060770891DEB805700E494BB /* Base */,
			);
			name = Main.storyboard;
			sourceTree = "<group>";
		};
		0607708D1DEB805700E494BB /* LaunchScreen.storyboard */ = {
			isa = PBXVariantGroup;
			children = (
				0607708E1DEB805700E494BB /* Base */,
			);
			name = LaunchScreen.storyboard;
			sourceTree = "<group>";
		};
/* End PBXVariantGroup section */

/* Begin XCBuildConfiguration section */
		060770911DEB805700E494BB /* Debug */ = {
			isa = XCBuildConfiguration;
			buildSettings = {
				ALWAYS_SEARCH_USER_PATHS = NO;
				CLANG_ANALYZER_NONNULL = YES;
				CLANG_CXX_LANGUAGE_STANDARD = "gnu++0x";
				CLANG_CXX_LIBRARY = "libc++";
				CLANG_ENABLE_MODULES = YES;
				CLANG_ENABLE_OBJC_ARC = YES;
				CLANG_WARN_BOOL_CONVERSION = YES;
				CLANG_WARN_CONSTANT_CONVERSION = YES;
				CLANG_WARN_DIRECT_OBJC_ISA_USAGE = YES_ERROR;
				CLANG_WARN_DOCUMENTATION_COMMENTS = YES;
				CLANG_WARN_EMPTY_BODY = YES;
				CLANG_WARN_ENUM_CONVERSION = YES;
				CLANG_WARN_INFINITE_RECURSION = YES;
				CLANG_WARN_INT_CONVERSION = YES;
				CLANG_WARN_OBJC_ROOT_CLASS = YES_ERROR;
				CLANG_WARN_SUSPICIOUS_MOVES = YES;
				CLANG_WARN_UNREACHABLE_CODE = YES;
				CLANG_WARN__DUPLICATE_METHOD_MATCH = YES;
				"CODE_SIGN_IDENTITY[sdk=iphoneos*]" = "iPhone Developer";
				COPY_PHASE_STRIP = NO;
				DEBUG_INFORMATION_FORMAT = dwarf;
				ENABLE_STRICT_OBJC_MSGSEND = YES;
				ENABLE_TESTABILITY = YES;
				GCC_C_LANGUAGE_STANDARD = gnu99;
				GCC_DYNAMIC_NO_PIC = NO;
				GCC_NO_COMMON_BLOCKS = YES;
				GCC_OPTIMIZATION_LEVEL = 0;
				GCC_PREPROCESSOR_DEFINITIONS = (
					"DEBUG=1",
					"$(inherited)",
				);
				GCC_WARN_64_TO_32_BIT_CONVERSION = YES;
				GCC_WARN_ABOUT_RETURN_TYPE = YES_ERROR;
				GCC_WARN_UNDECLARED_SELECTOR = YES;
				GCC_WARN_UNINITIALIZED_AUTOS = YES_AGGRESSIVE;
				GCC_WARN_UNUSED_FUNCTION = YES;
				GCC_WARN_UNUSED_VARIABLE = YES;
				IPHONEOS_DEPLOYMENT_TARGET = 10.1;
				MTL_ENABLE_DEBUG_INFO = YES;
				ONLY_ACTIVE_ARCH = YES;
				SDKROOT = iphoneos;
				SWIFT_ACTIVE_COMPILATION_CONDITIONS = DEBUG;
				SWIFT_OPTIMIZATION_LEVEL = "-Onone";
				TARGETED_DEVICE_FAMILY = "1,2";
			};
			name = Debug;
		};
		060770921DEB805700E494BB /* Release */ = {
			isa = XCBuildConfiguration;
			buildSettings = {
				ALWAYS_SEARCH_USER_PATHS = NO;
				CLANG_ANALYZER_NONNULL = YES;
				CLANG_CXX_LANGUAGE_STANDARD = "gnu++0x";
				CLANG_CXX_LIBRARY = "libc++";
				CLANG_ENABLE_MODULES = YES;
				CLANG_ENABLE_OBJC_ARC = YES;
				CLANG_WARN_BOOL_CONVERSION = YES;
				CLANG_WARN_CONSTANT_CONVERSION = YES;
				CLANG_WARN_DIRECT_OBJC_ISA_USAGE = YES_ERROR;
				CLANG_WARN_DOCUMENTATION_COMMENTS = YES;
				CLANG_WARN_EMPTY_BODY = YES;
				CLANG_WARN_ENUM_CONVERSION = YES;
				CLANG_WARN_INFINITE_RECURSION = YES;
				CLANG_WARN_INT_CONVERSION = YES;
				CLANG_WARN_OBJC_ROOT_CLASS = YES_ERROR;
				CLANG_WARN_SUSPICIOUS_MOVES = YES;
				CLANG_WARN_UNREACHABLE_CODE = YES;
				CLANG_WARN__DUPLICATE_METHOD_MATCH = YES;
				"CODE_SIGN_IDENTITY[sdk=iphoneos*]" = "iPhone Developer";
				COPY_PHASE_STRIP = NO;
				DEBUG_INFORMATION_FORMAT = "dwarf-with-dsym";
				ENABLE_NS_ASSERTIONS = NO;
				ENABLE_STRICT_OBJC_MSGSEND = YES;
				GCC_C_LANGUAGE_STANDARD = gnu99;
				GCC_NO_COMMON_BLOCKS = YES;
				GCC_WARN_64_TO_32_BIT_CONVERSION = YES;
				GCC_WARN_ABOUT_RETURN_TYPE = YES_ERROR;
				GCC_WARN_UNDECLARED_SELECTOR = YES;
				GCC_WARN_UNINITIALIZED_AUTOS = YES_AGGRESSIVE;
				GCC_WARN_UNUSED_FUNCTION = YES;
				GCC_WARN_UNUSED_VARIABLE = YES;
				IPHONEOS_DEPLOYMENT_TARGET = 10.1;
				MTL_ENABLE_DEBUG_INFO = NO;
				SDKROOT = iphoneos;
				SWIFT_OPTIMIZATION_LEVEL = "-Owholemodule";
				TARGETED_DEVICE_FAMILY = "1,2";
				VALIDATE_PRODUCT = YES;
			};
			name = Release;
		};
		060770941DEB805700E494BB /* Debug */ = {
			isa = XCBuildConfiguration;
			buildSettings = {
				ASSETCATALOG_COMPILER_APPICON_NAME = AppIcon;
				INFOPLIST_FILE = ShoppingNotebook/Info.plist;
				LD_RUNPATH_SEARCH_PATHS = "$(inherited) @executable_path/Frameworks";
				PRODUCT_BUNDLE_IDENTIFIER = carina.pereira.ShoppingNotebook;
				PRODUCT_NAME = "$(TARGET_NAME)";
				SWIFT_VERSION = 3.0;
			};
			name = Debug;
		};
		060770951DEB805700E494BB /* Release */ = {
			isa = XCBuildConfiguration;
			buildSettings = {
				ASSETCATALOG_COMPILER_APPICON_NAME = AppIcon;
				INFOPLIST_FILE = ShoppingNotebook/Info.plist;
				LD_RUNPATH_SEARCH_PATHS = "$(inherited) @executable_path/Frameworks";
				PRODUCT_BUNDLE_IDENTIFIER = carina.pereira.ShoppingNotebook;
				PRODUCT_NAME = "$(TARGET_NAME)";
				SWIFT_VERSION = 3.0;
			};
			name = Release;
		};
/* End XCBuildConfiguration section */

/* Begin XCConfigurationList section */
		0607707C1DEB805600E494BB /* Build configuration list for PBXProject "ShoppingNotebook" */ = {
			isa = XCConfigurationList;
			buildConfigurations = (
				060770911DEB805700E494BB /* Debug */,
				060770921DEB805700E494BB /* Release */,
			);
			defaultConfigurationIsVisible = 0;
			defaultConfigurationName = Release;
		};
		060770931DEB805700E494BB /* Build configuration list for PBXNativeTarget "ShoppingNotebook" */ = {
			isa = XCConfigurationList;
			buildConfigurations = (
				060770941DEB805700E494BB /* Debug */,
				060770951DEB805700E494BB /* Release */,
			);
			defaultConfigurationIsVisible = 0;
		};
/* End XCConfigurationList section */
	};
	rootObject = 060770791DEB805600E494BB /* Project object */;
}
